Microsoft Visual Studio Solution File, Format Version 12.00
# Visual Studio Version 17
VisualStudioVersion = 17.14.37314.3 d17.14
MinimumVisualStudioVersion = 10.0.40219.1
Project("{FAE04EC0-301F-11D3-BF4B-00C04F79EFBC}") = "Ocad.Gnss", "Ocad.Gnss.csproj", "{F8E393BA-A974-4742-B32A-1FC4AB72258B}"
EndProject
Global
	GlobalSection(SolutionConfigurationPlatforms) = preSolution
		Debug|Any CPU = Debug|Any CPU
		Release|Any CPU = Release|Any CPU
	EndGlobalSection
	GlobalSection(ProjectConfigurationPlatforms) = postSolution
		{F8E393BA-A974-4742-B32A-1FC4AB72258B}.Debug|Any CPU.ActiveCfg = Debug|Any CPU
		{F8E393BA-A974-4742-B32A-1FC4AB72258B}.Debug|Any CPU.Build.0 = Debug|Any CPU
		{F8E393BA-A974-4742-B32A-1FC4AB72258B}.Release|Any CPU.ActiveCfg = Release|Any CPU
		{F8E393BA-A974-4742-B32A-1FC4AB72258B}.Release|Any CPU.Build.0 = Release|Any CPU
	EndGlobalSection
	GlobalSection(SolutionProperties) = preSolution
		HideSolutionNode = FALSE
	EndGlobalSection
	GlobalSection(ExtensibilityGlobals) = postSolution
		SolutionGuid = {B40AD34C-896A-4809-819E-83E8DF2F7EA5}
	EndGlobalSection
EndGlobal
